prayfile_lock = "1"
spec = "0.1"
generated_by = "pray 1.20.0"
manifest_hash = "sha256:2c5cfcf47211cdd292dbece02e78b22bb64f4b0347957a09ec2e7a60a6ea4a6f"
source = []

[[package]]
name = "amkisko/agent-artifact"
version = "1.2.2"
path = "./packages/agent-artifact"
tree_hash = "sha256:890275d7f29a40f69b2747b132bc9a9dadffc896eae53920fa36707b47bd5dc1"
artifact_hash = "sha256:890275d7f29a40f69b2747b132bc9a9dadffc896eae53920fa36707b47bd5dc1"
artifact = "path:./packages/agent-artifact"
exports = ["skill"]
dependencies = []

[[package]]
name = "amkisko/agent-discovery"
version = "1.0.2"
path = "./packages/agent-discovery"
tree_hash = "sha256:821eeeb05ddad51ff749080dd5fcfd5164ebeee3ae63b8b0a2e2e27cd1e9f556"
artifact_hash = "sha256:821eeeb05ddad51ff749080dd5fcfd5164ebeee3ae63b8b0a2e2e27cd1e9f556"
artifact = "path:./packages/agent-discovery"
exports = ["skill"]
dependencies = []

[[package]]
name = "amkisko/agent-run-supervision"
version = "1.2.1"
path = "./packages/agent-run-supervision"
tree_hash = "sha256:b2c53ebebb3a779cdf7a99b32cee37f9be608327931e9d30f0ecd7ea84fd733f"
artifact_hash = "sha256:b2c53ebebb3a779cdf7a99b32cee37f9be608327931e9d30f0ecd7ea84fd733f"
artifact = "path:./packages/agent-run-supervision"
exports = ["skill"]
dependencies = []

[[package]]
name = "amkisko/background-jobs"
version = "1.1.0"
path = "./packages/background-jobs"
tree_hash = "sha256:b2f3752a8eef7f5bf41b0a177fc848504301f6138f98f414cdacb034a15a9132"
artifact_hash = "sha256:b2f3752a8eef7f5bf41b0a177fc848504301f6138f98f414cdacb034a15a9132"
artifact = "path:./packages/background-jobs"
exports = ["background-jobs"]
dependencies = []

[[package]]
name = "amkisko/branch-naming"
version = "1.0.1"
path = "./packages/branch-naming"
tree_hash = "sha256:492e92e5f39d70ed160cf06f4ae83aeb49b79f9c4098880edfa64a68d072d3ed"
artifact_hash = "sha256:492e92e5f39d70ed160cf06f4ae83aeb49b79f9c4098880edfa64a68d072d3ed"
artifact = "path:./packages/branch-naming"
exports = ["branch-naming"]
dependencies = []

[[package]]
name = "amkisko/change-review"
version = "1.1.1"
path = "./packages/change-review"
tree_hash = "sha256:2723010a0eda76528d05926c4bb9ecef918b10596b0b135174a5a39474384e27"
artifact_hash = "sha256:2723010a0eda76528d05926c4bb9ecef918b10596b0b135174a5a39474384e27"
artifact = "path:./packages/change-review"
exports = ["skill"]
dependencies = []

[[package]]
name = "amkisko/changelog-update"
version = "3.0.2"
path = "./packages/changelog-update"
tree_hash = "sha256:50f8683cc4a41575b59078501f12ff7fc1fa36a03ed9b4ae88fed2d0a99e28a7"
artifact_hash = "sha256:50f8683cc4a41575b59078501f12ff7fc1fa36a03ed9b4ae88fed2d0a99e28a7"
artifact = "path:./packages/changelog-update"
exports = ["skill"]
dependencies = []

[[package]]
name = "amkisko/ci-review"
version = "1.1.1"
path = "./packages/ci-review"
tree_hash = "sha256:8cd2f16adbff529f17317472ba5637ed67c8c270016e78cd8f4ac0677500a05e"
artifact_hash = "sha256:8cd2f16adbff529f17317472ba5637ed67c8c270016e78cd8f4ac0677500a05e"
artifact = "path:./packages/ci-review"
exports = ["skill"]
dependencies = []

[[package]]
name = "amkisko/claims-audit"
version = "1.2.2"
path = "./packages/claims-audit"
tree_hash = "sha256:78adf9950b9bd2e845b9ed2cd399ab54e1d59bf7d7242fcf89b53379372e8afa"
artifact_hash = "sha256:78adf9950b9bd2e845b9ed2cd399ab54e1d59bf7d7242fcf89b53379372e8afa"
artifact = "path:./packages/claims-audit"
exports = [
    "claims-audit",
    "skill",
]
dependencies = []

[[package]]
name = "amkisko/collaboration-workflow"
version = "2.4.0"
path = "./packages/collaboration-workflow"
tree_hash = "sha256:f0bcacf099badac4e3ba11d047ecdbe6d6fe56b61a80eded2badec43bd8b9b76"
artifact_hash = "sha256:f0bcacf099badac4e3ba11d047ecdbe6d6fe56b61a80eded2badec43bd8b9b76"
artifact = "path:./packages/collaboration-workflow"
exports = ["collaboration-workflow"]
dependencies = []

[[package]]
name = "amkisko/community-code-of-conduct"
version = "1.2.0"
path = "./packages/community-code-of-conduct"
tree_hash = "sha256:34ef4d6e4670d622147d890d32d91462d58ea577992822342a427fedb04c5b7a"
artifact_hash = "sha256:34ef4d6e4670d622147d890d32d91462d58ea577992822342a427fedb04c5b7a"
artifact = "path:./packages/community-code-of-conduct"
exports = ["code-of-conduct"]
dependencies = []

[[package]]
name = "amkisko/community-contributing"
version = "1.1.0"
path = "./packages/community-contributing"
tree_hash = "sha256:41fb0850422628dc5f33c8858ab20242ad522598916b4a27cffde95a61457908"
artifact_hash = "sha256:41fb0850422628dc5f33c8858ab20242ad522598916b4a27cffde95a61457908"
artifact = "path:./packages/community-contributing"
exports = ["contributing"]
dependencies = []

[[package]]
name = "amkisko/community-governance"
version = "1.1.0"
path = "./packages/community-governance"
tree_hash = "sha256:8022e773293dd45e46436e6a34310b8dd3674074bdfe9624e0f7a862b968be12"
artifact_hash = "sha256:8022e773293dd45e46436e6a34310b8dd3674074bdfe9624e0f7a862b968be12"
artifact = "path:./packages/community-governance"
exports = ["governance"]
dependencies = []

[[package]]
name = "amkisko/community-security"
version = "1.2.0"
path = "./packages/community-security"
tree_hash = "sha256:1770c2bef0f168be900862b012e53b8480da5d6117df0170d3fa753179e3320e"
artifact_hash = "sha256:1770c2bef0f168be900862b012e53b8480da5d6117df0170d3fa753179e3320e"
artifact = "path:./packages/community-security"
exports = ["security"]
dependencies = []

[[package]]
name = "amkisko/dependency-issues"
version = "3.0.1"
path = "./packages/dependency-issues"
tree_hash = "sha256:a0b100fc3ee365f801513d701d1513a86fc96f49dfc639ba176cfe4dfed167c3"
artifact_hash = "sha256:a0b100fc3ee365f801513d701d1513a86fc96f49dfc639ba176cfe4dfed167c3"
artifact = "path:./packages/dependency-issues"
exports = ["dependency-issues"]
dependencies = []

[[package]]
name = "amkisko/dependency-policy"
version = "4.1.2"
path = "./packages/dependency-policy"
tree_hash = "sha256:2c65b1f2ad8e02cd2d256d09fc7d8bbeae9c99a579061cf32ca54fd817081599"
artifact_hash = "sha256:2c65b1f2ad8e02cd2d256d09fc7d8bbeae9c99a579061cf32ca54fd817081599"
artifact = "path:./packages/dependency-policy"
exports = [
    "dependency-policy",
    "skill",
]
dependencies = []

[[package]]
name = "amkisko/derivation-audit"
version = "1.1.1"
path = "./packages/derivation-audit"
tree_hash = "sha256:0927910a043c8b9afe3f732fd207c16cf76854eea356eaabf4c41c5451bfbd1c"
artifact_hash = "sha256:0927910a043c8b9afe3f732fd207c16cf76854eea356eaabf4c41c5451bfbd1c"
artifact = "path:./packages/derivation-audit"
exports = ["skill"]
dependencies = []

[[package]]
name = "amkisko/docs-conventions"
version = "3.1.1"
path = "./packages/docs-conventions"
tree_hash = "sha256:f618c7ea284ab29bb8931a3ee5b8a163cf3e60fe71e1f724a9ec374ddcf7ed9c"
artifact_hash = "sha256:f618c7ea284ab29bb8931a3ee5b8a163cf3e60fe71e1f724a9ec374ddcf7ed9c"
artifact = "path:./packages/docs-conventions"
exports = ["docs-conventions"]
dependencies = []

[[package]]
name = "amkisko/durable-cache"
version = "1.0.1"
path = "./packages/durable-cache"
tree_hash = "sha256:f1516f16ab868be1a0c97632008b28ca8fe9478bd884beac72505775c792f7b4"
artifact_hash = "sha256:f1516f16ab868be1a0c97632008b28ca8fe9478bd884beac72505775c792f7b4"
artifact = "path:./packages/durable-cache"
exports = ["durable-cache"]
dependencies = []

[[package]]
name = "amkisko/engineering-audit"
version = "2.14.2"
path = "./packages/engineering-audit"
tree_hash = "sha256:245fbe7241bdf783e3e7b6e3eeae915b0ce35d3491fca92cfad406eda5012e9c"
artifact_hash = "sha256:245fbe7241bdf783e3e7b6e3eeae915b0ce35d3491fca92cfad406eda5012e9c"
artifact = "path:./packages/engineering-audit"
exports = ["skill"]
dependencies = []

[[package]]
name = "amkisko/finite-state-machines"
version = "1.3.0"
path = "./packages/finite-state-machines"
tree_hash = "sha256:29f294f1d0064ed034a2d26bec73f626efea83b75333611123e7d0757f301ca9"
artifact_hash = "sha256:29f294f1d0064ed034a2d26bec73f626efea83b75333611123e7d0757f301ca9"
artifact = "path:./packages/finite-state-machines"
exports = ["finite-state-machines"]
dependencies = []

[[package]]
name = "amkisko/getting-started"
version = "1.1.1"
path = "./packages/getting-started"
tree_hash = "sha256:ac1605718e8da741ae52a889759e98754109d675c2c9889f5da78f9fd0c6b6b4"
artifact_hash = "sha256:ac1605718e8da741ae52a889759e98754109d675c2c9889f5da78f9fd0c6b6b4"
artifact = "path:./packages/getting-started"
exports = ["getting-started"]
dependencies = []

[[package]]
name = "amkisko/infer-conventions"
version = "1.0.1"
path = "./packages/infer-conventions"
tree_hash = "sha256:80c3ff27b8d5a35ccd15ab5572b4d759d8a777ebe69a0e416e3fd161e0c5dd61"
artifact_hash = "sha256:80c3ff27b8d5a35ccd15ab5572b4d759d8a777ebe69a0e416e3fd161e0c5dd61"
artifact = "path:./packages/infer-conventions"
exports = ["skill"]
dependencies = []

[[package]]
name = "amkisko/io-simulation"
version = "1.1.0"
path = "./packages/io-simulation"
tree_hash = "sha256:516cf780a64f9227ad161cf5a141642dc66e496d3b3945a1c2e8dbaea83c1105"
artifact_hash = "sha256:516cf780a64f9227ad161cf5a141642dc66e496d3b3945a1c2e8dbaea83c1105"
artifact = "path:./packages/io-simulation"
exports = ["io-simulation"]
dependencies = []

[[package]]
name = "amkisko/keep-the-work"
version = "1.4.0"
path = "./packages/keep-the-work"
tree_hash = "sha256:19cf9775e51bab1e2f974ea8719e682bf48d1280aeb3afdde0dc872b8b1db1a9"
artifact_hash = "sha256:19cf9775e51bab1e2f974ea8719e682bf48d1280aeb3afdde0dc872b8b1db1a9"
artifact = "path:./packages/keep-the-work"
exports = ["keep-the-work"]
dependencies = []

[[package]]
name = "amkisko/kotlin-conventions"
version = "1.0.0"
path = "./packages/kotlin-conventions"
tree_hash = "sha256:ee01659060b8300ac6434e78c3f0b0e3e81bc07392f37db4d6db3e7595a51a59"
artifact_hash = "sha256:ee01659060b8300ac6434e78c3f0b0e3e81bc07392f37db4d6db3e7595a51a59"
artifact = "path:./packages/kotlin-conventions"
exports = ["kotlin-conventions"]
dependencies = []

[[package]]
name = "amkisko/minimal-implementation"
version = "1.5.1"
path = "./packages/minimal-implementation"
tree_hash = "sha256:516044f5204e6c55c3cd4323ae85bed8a1cb950e3a28f704930b152feec8ff8b"
artifact_hash = "sha256:516044f5204e6c55c3cd4323ae85bed8a1cb950e3a28f704930b152feec8ff8b"
artifact = "path:./packages/minimal-implementation"
exports = ["minimal-implementation"]
dependencies = []

[[package]]
name = "amkisko/operational-signal-intake"
version = "1.0.1"
path = "./packages/operational-signal-intake"
tree_hash = "sha256:60543f9067e470651d3886e5f590198af712bc4b5230f16eadbf82f5e8badc0e"
artifact_hash = "sha256:60543f9067e470651d3886e5f590198af712bc4b5230f16eadbf82f5e8badc0e"
artifact = "path:./packages/operational-signal-intake"
exports = ["skill"]
dependencies = []

[[package]]
name = "amkisko/preferred-stack"
version = "1.6.0"
path = "./packages/preferred-stack"
tree_hash = "sha256:3cb702d1278d04d48b852f5176fa4aa2d40f5cfa8557cb7aa64bd18af48c58e9"
artifact_hash = "sha256:3cb702d1278d04d48b852f5176fa4aa2d40f5cfa8557cb7aa64bd18af48c58e9"
artifact = "path:./packages/preferred-stack"
exports = ["preferred-stack"]
dependencies = []

[[package]]
name = "amkisko/public-surface-recon"
version = "1.3.2"
path = "./packages/public-surface-recon"
tree_hash = "sha256:3c578a6232285d025551fc069037525305e89e174955ba0c68aba449aee3e5b2"
artifact_hash = "sha256:3c578a6232285d025551fc069037525305e89e174955ba0c68aba449aee3e5b2"
artifact = "path:./packages/public-surface-recon"
exports = ["skill"]
dependencies = []

[[package]]
name = "amkisko/publish-checks"
version = "1.1.0"
path = "./packages/publish-checks"
tree_hash = "sha256:f182f4d522502b0f775880fcdfa640f32c19d7eda1ff98377c9ec6e1a2af9e46"
artifact_hash = "sha256:f182f4d522502b0f775880fcdfa640f32c19d7eda1ff98377c9ec6e1a2af9e46"
artifact = "path:./packages/publish-checks"
exports = ["publish-checks"]
dependencies = []

[[package]]
name = "amkisko/rejected-changes"
version = "1.1.0"
path = "./packages/rejected-changes"
tree_hash = "sha256:8d4e74213d4b3d179d803ff06356e79b8b74c98c997427db10bc96f0c535e0bd"
artifact_hash = "sha256:8d4e74213d4b3d179d803ff06356e79b8b74c98c997427db10bc96f0c535e0bd"
artifact = "path:./packages/rejected-changes"
exports = ["rejected-changes"]
dependencies = []

[[package]]
name = "amkisko/rfc-process"
version = "1.2.1"
path = "./packages/rfc-process"
tree_hash = "sha256:89d73f025fdccabad68dba8b664d1aa3ac8c2a28a33eb4d2f5d93df4ae1756f4"
artifact_hash = "sha256:89d73f025fdccabad68dba8b664d1aa3ac8c2a28a33eb4d2f5d93df4ae1756f4"
artifact = "path:./packages/rfc-process"
exports = ["skill"]
dependencies = []

[[package]]
name = "amkisko/ruby-conventions"
version = "1.3.0"
path = "./packages/ruby-conventions"
tree_hash = "sha256:9bba83207dabf288f93978b7951005977afff5fd93283c6680454ae0c021ecd6"
artifact_hash = "sha256:9bba83207dabf288f93978b7951005977afff5fd93283c6680454ae0c021ecd6"
artifact = "path:./packages/ruby-conventions"
exports = ["ruby-conventions"]
dependencies = []

[[package]]
name = "amkisko/rust-conventions"
version = "1.1.0"
path = "./packages/rust-conventions"
tree_hash = "sha256:e1e19df32c0da5132fedcfdddb0b6d7c22b525350fffd830c1db2a6efe68c2b0"
artifact_hash = "sha256:e1e19df32c0da5132fedcfdddb0b6d7c22b525350fffd830c1db2a6efe68c2b0"
artifact = "path:./packages/rust-conventions"
exports = ["rust-conventions"]
dependencies = []

[[package]]
name = "amkisko/security"
version = "1.5.0"
path = "./packages/security"
tree_hash = "sha256:0f69f8546d598d94b5c9b240512caef4be1b827d63cd755222818d1486fe42c5"
artifact_hash = "sha256:0f69f8546d598d94b5c9b240512caef4be1b827d63cd755222818d1486fe42c5"
artifact = "path:./packages/security"
exports = ["security"]
dependencies = []

[[package]]
name = "amkisko/security-audit"
version = "0.1.2"
path = "./packages/security-audit"
tree_hash = "sha256:3cd682213ca0427156c1f495f03a198bf1dc8d8146cfb7e855cdcbd1677260fa"
artifact_hash = "sha256:3cd682213ca0427156c1f495f03a198bf1dc8d8146cfb7e855cdcbd1677260fa"
artifact = "path:./packages/security-audit"
exports = ["skill"]
dependencies = []

[[package]]
name = "amkisko/session-review"
version = "1.2.1"
path = "./packages/session-review"
tree_hash = "sha256:cd486a4dcd6a7a1780f7b9d49ed99bfa444a1f6f1413b26abc3944c048e86e0d"
artifact_hash = "sha256:cd486a4dcd6a7a1780f7b9d49ed99bfa444a1f6f1413b26abc3944c048e86e0d"
artifact = "path:./packages/session-review"
exports = ["skill"]
dependencies = []

[[package]]
name = "amkisko/working-rules"
version = "2.7.0"
path = "./packages/working-rules"
tree_hash = "sha256:ba8b5539a54adebbcaedc15b0dedee3c7e4dfd5edcccf136e4a36111f77cedda"
artifact_hash = "sha256:ba8b5539a54adebbcaedc15b0dedee3c7e4dfd5edcccf136e4a36111f77cedda"
artifact = "path:./packages/working-rules"
exports = ["working-rules"]
dependencies = []

[[package]]
name = "amkisko/writing-prose"
version = "3.7.0"
path = "./packages/writing-prose"
tree_hash = "sha256:7e5a470c5cd38d0148acd32404ef1d0feea9a2c53afe42d24cc66ebce458013e"
artifact_hash = "sha256:7e5a470c5cd38d0148acd32404ef1d0feea9a2c53afe42d24cc66ebce458013e"
artifact = "path:./packages/writing-prose"
exports = ["writing-prose"]
dependencies = []

[[target]]
name = "compose:AGENTS.md"
outputs = ["AGENTS.md"]

[[target]]
name = "tree:.agents/skills"
outputs = []

[[managed_span]]
id = "ae5d334a"
target = "AGENTS.md"
open_line = 8
close_line = 15
ideal_checksum = "sha256:82166fa7163f278fdd0203c25371d426690922b9568ca7ce0e38342c9870265f"
package = "local"
export = ".agents/project.md"
source_checksum = "sha256:dfa699feda0817e62afd4e36548cf83763ffd9f4c03333de05df9a252e2d396a"
silenced = false

[[managed_span]]
id = "9068e4a2"
target = "AGENTS.md"
open_line = 17
close_line = 37
ideal_checksum = "sha256:951385049773f7be83786d33a34283a4234c135ed0875cc8ec6f2158fef2862e"
package = "amkisko/working-rules"
export = "working-rules"
source_checksum = "sha256:ba8b5539a54adebbcaedc15b0dedee3c7e4dfd5edcccf136e4a36111f77cedda"
silenced = false

[[managed_span]]
id = "781b7711"
target = "AGENTS.md"
open_line = 39
close_line = 62
ideal_checksum = "sha256:9efe127bcff9b4dd4d45141802870107841ca2074ebe8accd8118e08cb91a6cd"
package = "amkisko/security"
export = "security"
source_checksum = "sha256:0f69f8546d598d94b5c9b240512caef4be1b827d63cd755222818d1486fe42c5"
silenced = false

[[managed_span]]
id = "bfe6ff38"
target = "AGENTS.md"
open_line = 64
close_line = 74
ideal_checksum = "sha256:22a24b322c1ac464cdbb338751f3ab5be29459333abc63d063b5855b5f29df06"
package = "amkisko/docs-conventions"
export = "docs-conventions"
source_checksum = "sha256:f618c7ea284ab29bb8931a3ee5b8a163cf3e60fe71e1f724a9ec374ddcf7ed9c"
silenced = false

[[managed_span]]
id = "edcc5f67"
target = "AGENTS.md"
open_line = 76
close_line = 86
ideal_checksum = "sha256:c754a103f59a05eb106f4ca156c72d794a4555588c90696855a12a41fb60053d"
package = "amkisko/dependency-issues"
export = "dependency-issues"
source_checksum = "sha256:a0b100fc3ee365f801513d701d1513a86fc96f49dfc639ba176cfe4dfed167c3"
silenced = false

[[managed_span]]
id = "3ac5d6ce"
target = "AGENTS.md"
open_line = 88
close_line = 109
ideal_checksum = "sha256:34159e34f9c53e398ed2d2600c98d916fcd6cfe0f6eda973c8fff970d71b7b6c"
package = "amkisko/dependency-policy"
export = "dependency-policy"
source_checksum = "sha256:2c65b1f2ad8e02cd2d256d09fc7d8bbeae9c99a579061cf32ca54fd817081599"
silenced = false

[[managed_span]]
id = "bf7304a6"
target = "AGENTS.md"
open_line = 111
close_line = 150
ideal_checksum = "sha256:a6ff621045d6298a2ca3fcd62894e82a14299e1115a9dee52f612061a1f96db4"
package = "amkisko/minimal-implementation"
export = "minimal-implementation"
source_checksum = "sha256:516044f5204e6c55c3cd4323ae85bed8a1cb950e3a28f704930b152feec8ff8b"
silenced = false

[[managed_span]]
id = "120c3507"
target = "AGENTS.md"
open_line = 152
close_line = 161
ideal_checksum = "sha256:83e4bd13ba41ca8df149a3d8151c3a1a841b54f3441e85df56b1c5c576406a35"
package = "amkisko/finite-state-machines"
export = "finite-state-machines"
source_checksum = "sha256:29f294f1d0064ed034a2d26bec73f626efea83b75333611123e7d0757f301ca9"
silenced = false

[[managed_span]]
id = "26f3566a"
target = "AGENTS.md"
open_line = 163
close_line = 183
ideal_checksum = "sha256:377af8ed29889977573bd5614dc7e803feb947fa7dfb4e85b1bafc176e55a4ec"
package = "amkisko/branch-naming"
export = "branch-naming"
source_checksum = "sha256:492e92e5f39d70ed160cf06f4ae83aeb49b79f9c4098880edfa64a68d072d3ed"
silenced = false

[[managed_span]]
id = "f528eeca"
target = "AGENTS.md"
open_line = 185
close_line = 203
ideal_checksum = "sha256:1db972ce90f180d5a6c1dcc94d0373a5cbb7c2e57131e4e328c6d5f057fabd04"
package = "amkisko/preferred-stack"
export = "preferred-stack"
source_checksum = "sha256:3cb702d1278d04d48b852f5176fa4aa2d40f5cfa8557cb7aa64bd18af48c58e9"
silenced = false

[[managed_span]]
id = "ca94e22d"
target = "AGENTS.md"
open_line = 205
close_line = 222
ideal_checksum = "sha256:5a8123145da1b20f03787a313e5c88ee6ddc2c6babc714bf3de8d27537017062"
package = "amkisko/writing-prose"
export = "writing-prose"
source_checksum = "sha256:7e5a470c5cd38d0148acd32404ef1d0feea9a2c53afe42d24cc66ebce458013e"
silenced = false

[[managed_span]]
id = "d893ab3d"
target = "AGENTS.md"
open_line = 224
close_line = 236
ideal_checksum = "sha256:09e7deee0f8071729bc937513b7507b93f948341da890fac1a0a7f92072917f3"
package = "amkisko/claims-audit"
export = "claims-audit"
source_checksum = "sha256:78adf9950b9bd2e845b9ed2cd399ab54e1d59bf7d7242fcf89b53379372e8afa"
silenced = false

[[managed_span]]
id = "08c294fb"
target = "AGENTS.md"
open_line = 238
close_line = 247
ideal_checksum = "sha256:6f43a75b86be115b917739da56eae68882b2d7075d975a5e351fbdcfa4e0bed6"
package = "amkisko/rejected-changes"
export = "rejected-changes"
source_checksum = "sha256:8d4e74213d4b3d179d803ff06356e79b8b74c98c997427db10bc96f0c535e0bd"
silenced = false

[[managed_span]]
id = "2543c1cc"
target = "AGENTS.md"
open_line = 249
close_line = 259
ideal_checksum = "sha256:77744b69e76c196446274b482e9b7b061843aa90cb749418b3293dd7a7262629"
package = "amkisko/publish-checks"
export = "publish-checks"
source_checksum = "sha256:f182f4d522502b0f775880fcdfa640f32c19d7eda1ff98377c9ec6e1a2af9e46"
silenced = false

[[managed_span]]
id = "48e8a6b3"
target = "AGENTS.md"
open_line = 261
close_line = 268
ideal_checksum = "sha256:258036059e42b3b078f1d91ddae5c179d6a6dfbbfb5b083f1e73da47181e5860"
package = "amkisko/collaboration-workflow"
export = "collaboration-workflow"
source_checksum = "sha256:f0bcacf099badac4e3ba11d047ecdbe6d6fe56b61a80eded2badec43bd8b9b76"
silenced = false

[[provisioned]]
path = ".agents/skills/agent-artifact/SKILL.md"
content_hash = "sha256:8954bfff860c07f71e74ca52c339b52fb80aad6bb7223e7ad5a890a3527f2e18"
package = "amkisko/agent-artifact"
export = "skill"

[[provisioned]]
path = ".agents/skills/agent-discovery/SKILL.md"
content_hash = "sha256:a9b1be4c1608ae7b4b27004313a6c9ac5443c22c711d024c14205ba970183595"
package = "amkisko/agent-discovery"
export = "skill"

[[provisioned]]
path = ".agents/skills/agent-run-supervision/SKILL.md"
content_hash = "sha256:c218156a34f5230f24f0609ca0096c9422c965bafc965903c98485f1af7b576d"
package = "amkisko/agent-run-supervision"
export = "skill"

[[provisioned]]
path = ".agents/skills/change-review/SKILL.md"
content_hash = "sha256:3cc3c325fe2a1d6c2e9c1933ce81a14ec4023edd7cc1b534e55a0d4d458f84aa"
package = "amkisko/change-review"
export = "skill"

[[provisioned]]
path = ".agents/skills/changelog-update/SKILL.md"
content_hash = "sha256:8a851ca58d3b1412d338a7f444030212cb191b42899cdf0067acab2c17e2f3c0"
package = "amkisko/changelog-update"
export = "skill"

[[provisioned]]
path = ".agents/skills/changelog-update/changelog-update.md"
content_hash = "sha256:c399cb9cfe7de07dade86f442abf80b5abad07e356778d5fde153d572f044ef8"
package = "amkisko/changelog-update"
export = "skill"

[[provisioned]]
path = ".agents/skills/ci-review/SKILL.md"
content_hash = "sha256:da07a0fc9330e57d68f480f2c09a07947491c7524e1c013e76164a8c5bd0cee2"
package = "amkisko/ci-review"
export = "skill"

[[provisioned]]
path = ".agents/skills/claims-audit/SKILL.md"
content_hash = "sha256:faa0e2a827c855427dc86fba186aac8cc706b4cb9a7836f7a54806b1a328f4b8"
package = "amkisko/claims-audit"
export = "skill"

[[provisioned]]
path = ".agents/skills/claims-audit/claims-audit.md"
content_hash = "sha256:85d0539535cd723b3a6406b29c5beb62e2dc762176e4520fc74e8deba6b1536a"
package = "amkisko/claims-audit"
export = "skill"

[[provisioned]]
path = ".agents/skills/claims-audit/references/evidence-bundle.md"
content_hash = "sha256:e7562f47c979c43d1fe1e816afec61a9175bacdef9b0fc8a7fb99100b5f25c8a"
package = "amkisko/claims-audit"
export = "skill"

[[provisioned]]
path = ".agents/skills/claims-audit/references/external-skill-intake.md"
content_hash = "sha256:6102b4d0717e489844fd480c57374996d8753743ddb6cd34abca8c63a71898ca"
package = "amkisko/claims-audit"
export = "skill"

[[provisioned]]
path = ".agents/skills/dependency-audit/SKILL.md"
content_hash = "sha256:8780fc353f5b1434beed00d78677d6e22d5d1cc8e75f1c3ed5142a8115e18192"
package = "amkisko/dependency-policy"
export = "skill"

[[provisioned]]
path = ".agents/skills/dependency-audit/references/dependency-audit.md"
content_hash = "sha256:f541ed979e766c2fc6094d4901d0555be72413c833ad50c38c17ac817dc0d0af"
package = "amkisko/dependency-policy"
export = "skill"

[[provisioned]]
path = ".agents/skills/dependency-audit/references/libyears.md"
content_hash = "sha256:67ea475b88e55b54c19d843288efb858c11abf1d1cddedf1415318f1a728f8ea"
package = "amkisko/dependency-policy"
export = "skill"

[[provisioned]]
path = ".agents/skills/dependency-audit/references/selection-and-alteration.md"
content_hash = "sha256:a3925696bdf9bf664eac662515b192a040406b0ffa0aa50940b67d4a4c2196d2"
package = "amkisko/dependency-policy"
export = "skill"

[[provisioned]]
path = ".agents/skills/dependency-audit/references/vulnerability-assessment.md"
content_hash = "sha256:42562d1caf8be534aae79b45534ca929c5272763435dd9eb5f0c64c3d773aa84"
package = "amkisko/dependency-policy"
export = "skill"

[[provisioned]]
path = ".agents/skills/derivation-audit/SKILL.md"
content_hash = "sha256:478a718509468e24813684ed4a785437d4bf55b4a3ddb4475384668a9519273f"
package = "amkisko/derivation-audit"
export = "skill"

[[provisioned]]
path = ".agents/skills/engineering-audit/SKILL.md"
content_hash = "sha256:1996a3231c5748ee2a2033b3bf9ebc8e1d22d4cb5c9dbf51ef1f11e016249716"
package = "amkisko/engineering-audit"
export = "skill"

[[provisioned]]
path = ".agents/skills/engineering-audit/availability-abuse.md"
content_hash = "sha256:127f96a43251b562f34fbb97ecbd98e61ab2dd693c3fc445be96529f82222064"
package = "amkisko/engineering-audit"
export = "skill"

[[provisioned]]
path = ".agents/skills/engineering-audit/client-surface.md"
content_hash = "sha256:aaf44b666aabdd031687ae499af0bb55f0bf8897ecc4d605d552dba77273f095"
package = "amkisko/engineering-audit"
export = "skill"

[[provisioned]]
path = ".agents/skills/engineering-audit/cloud-deployment.md"
content_hash = "sha256:64868b4ad6245f973b01ec204e404e16df0a64d422ecac6468cb83dec1ab15a3"
package = "amkisko/engineering-audit"
export = "skill"

[[provisioned]]
path = ".agents/skills/engineering-audit/contracts.md"
content_hash = "sha256:94058c28792a2a82e1e25ac3a238c2ae198fae822912aba6ea42a69b8b8768f1"
package = "amkisko/engineering-audit"
export = "skill"

[[provisioned]]
path = ".agents/skills/engineering-audit/data-isolation.md"
content_hash = "sha256:80da52d96e6fc2d6bc0c36561641d6f5484b0a60f4360eb099fb25b8bf439ca2"
package = "amkisko/engineering-audit"
export = "skill"

[[provisioned]]
path = ".agents/skills/engineering-audit/engineering-audit.md"
content_hash = "sha256:abf2964421fc0c0ae61f736c0e77fd0df12486c5dbda1ca039a87bf8828f1a3e"
package = "amkisko/engineering-audit"
export = "skill"

[[provisioned]]
path = ".agents/skills/engineering-audit/http-identity.md"
content_hash = "sha256:6e47544ddd99c7bf13b902eb695fc6d7030c14819939e0116379b8ae1747ac9e"
package = "amkisko/engineering-audit"
export = "skill"

[[provisioned]]
path = ".agents/skills/engineering-audit/learned-systems.md"
content_hash = "sha256:d4d6842123ebcd45e01775e59833d378b4ce65639fad9f3992a3cf870f7f7233"
package = "amkisko/engineering-audit"
export = "skill"

[[provisioned]]
path = ".agents/skills/engineering-audit/lineage.md"
content_hash = "sha256:23557be92cbfe2c056a7508c886ced76cbf70851dce1651f31d859b30551197d"
package = "amkisko/engineering-audit"
export = "skill"

[[provisioned]]
path = ".agents/skills/engineering-audit/local-application.md"
content_hash = "sha256:c29f505d07d417687b218cfdeb5b99894025d80326f556c01989f703bc493e23"
package = "amkisko/engineering-audit"
export = "skill"

[[provisioned]]
path = ".agents/skills/engineering-audit/native-interface.md"
content_hash = "sha256:9e6f7c2ecffd03934889a736850f5a1f7cb97311888b9888e53e02aff0d73156"
package = "amkisko/engineering-audit"
export = "skill"

[[provisioned]]
path = ".agents/skills/engineering-audit/observability.md"
content_hash = "sha256:2f4c64af0a600ab9c86a7f0531398d114cde6ce0df58e552d1ebb8445fa3be16"
package = "amkisko/engineering-audit"
export = "skill"

[[provisioned]]
path = ".agents/skills/engineering-audit/performance.md"
content_hash = "sha256:c899e6f816f72f1e4dcbd67b84c9990df961eb6860ddd27889890cbe82096705"
package = "amkisko/engineering-audit"
export = "skill"

[[provisioned]]
path = ".agents/skills/engineering-audit/privacy.md"
content_hash = "sha256:ac36296267d8cb2db8a362c30dd98e81fa90012f4c5c46c85538422cd8c5e074"
package = "amkisko/engineering-audit"
export = "skill"

[[provisioned]]
path = ".agents/skills/engineering-audit/product-surface.md"
content_hash = "sha256:836043822c7ede83c3d9dfee63f34a3ac6b8f9d4eac73db4fa69ab900e3a5d51"
package = "amkisko/engineering-audit"
export = "skill"

[[provisioned]]
path = ".agents/skills/engineering-audit/protocols-messaging.md"
content_hash = "sha256:3f751d8625f09b09b90555b0336ff47d398bdb2aae5ad142065c60074ea97b10"
package = "amkisko/engineering-audit"
export = "skill"

[[provisioned]]
path = ".agents/skills/engineering-audit/resource-and-budget.md"
content_hash = "sha256:092b88d8ba65ddae82577b2acde81c9d11077314e322b918e83cbc8535a967fa"
package = "amkisko/engineering-audit"
export = "skill"

[[provisioned]]
path = ".agents/skills/engineering-audit/security.md"
content_hash = "sha256:6a45d8ce4d06f21665a89f95ba70f4e16c0429c538ef6289b611d7f74f0e7e81"
package = "amkisko/engineering-audit"
export = "skill"

[[provisioned]]
path = ".agents/skills/engineering-audit/supply-chain-release.md"
content_hash = "sha256:01cbcb3f8a53452f3b361e002de7d2d7c2a6f541e1851bb6105957ae96f126cb"
package = "amkisko/engineering-audit"
export = "skill"

[[provisioned]]
path = ".agents/skills/engineering-audit/trace-and-identification.md"
content_hash = "sha256:40d944f97538810e0213eea2abdfd170b66bd1165885f51923e38a2d8e5b45ce"
package = "amkisko/engineering-audit"
export = "skill"

[[provisioned]]
path = ".agents/skills/infer-conventions/SKILL.md"
content_hash = "sha256:9b1db519cdee99d530d62cd9da9a2595e626c48f269cefd4e0a07ecdaf0df5d0"
package = "amkisko/infer-conventions"
export = "skill"

[[provisioned]]
path = ".agents/skills/infer-conventions/infer-conventions.md"
content_hash = "sha256:cf7902fb5e95d014bd472e85e7244e0900d00c8afbf89096590e07ab12c08566"
package = "amkisko/infer-conventions"
export = "skill"

[[provisioned]]
path = ".agents/skills/operational-signal-intake/SKILL.md"
content_hash = "sha256:ce3129af2ed5aaf5d9aa539a6d2cd03b35d66d51417a9c1730fa6daaf0a0f45d"
package = "amkisko/operational-signal-intake"
export = "skill"

[[provisioned]]
path = ".agents/skills/operational-signal-intake/references/evidence-model.md"
content_hash = "sha256:0d9c1ec8d46efd8ed3e774be158cff0f70e8fea157e324cd071972d6702ec497"
package = "amkisko/operational-signal-intake"
export = "skill"

[[provisioned]]
path = ".agents/skills/operational-signal-intake/references/security-reliability.md"
content_hash = "sha256:875b7ce3b32279d0f5a76719a95c607d08232efdc0bf670784a67252b9dd98ea"
package = "amkisko/operational-signal-intake"
export = "skill"

[[provisioned]]
path = ".agents/skills/public-surface-recon/SKILL.md"
content_hash = "sha256:2241ba034c675a9f9a534ef7db159733ac7cf1066ba04cbc759ef156095a0559"
package = "amkisko/public-surface-recon"
export = "skill"

[[provisioned]]
path = ".agents/skills/public-surface-recon/prayers/agent-discovery-surface.md"
content_hash = "sha256:73f4610c4e4eeeaabf30071579c58f07a1210762564bf2e92c02a56ac3a47e11"
package = "amkisko/public-surface-recon"
export = "skill"

[[provisioned]]
path = ".agents/skills/public-surface-recon/prayers/archive-and-source-search.md"
content_hash = "sha256:2209d2f88d1177532417b946b5de794eeb34298681b9fa45a04e199620fec7f6"
package = "amkisko/public-surface-recon"
export = "skill"

[[provisioned]]
path = ".agents/skills/public-surface-recon/prayers/build-artifact-review.md"
content_hash = "sha256:08b697c7c3bd16af3115a082ef8526975c598940b64552a7e97648621a60e5a7"
package = "amkisko/public-surface-recon"
export = "skill"

[[provisioned]]
path = ".agents/skills/public-surface-recon/prayers/entity-correlation.md"
content_hash = "sha256:0017575d9eac50dbdd029171078f0b05e376174308fde5f5c06c855c7bec765f"
package = "amkisko/public-surface-recon"
export = "skill"

[[provisioned]]
path = ".agents/skills/public-surface-recon/prayers/identity-trace-search.md"
content_hash = "sha256:b967621834f02e0b0bd3052f5b25cec9eae3029bf4a99b9f9b34e8daec27991f"
package = "amkisko/public-surface-recon"
export = "skill"

[[provisioned]]
path = ".agents/skills/public-surface-recon/prayers/investigation-report.md"
content_hash = "sha256:a2ceef58b7c9bc1769e79ade32bda2da75ccd35c98fc98617b8adcb14b9fabed"
package = "amkisko/public-surface-recon"
export = "skill"

[[provisioned]]
path = ".agents/skills/public-surface-recon/prayers/local-replication-feasibility.md"
content_hash = "sha256:50718cc083a499f18bb527b790ff6e257fcf5180df7a5566bd3be5d9ce6e46cb"
package = "amkisko/public-surface-recon"
export = "skill"

[[provisioned]]
path = ".agents/skills/public-surface-recon/prayers/public-asset-inventory.md"
content_hash = "sha256:b017f85c2c01dcf84960e3f96c04c6f5576585d07e7d99bbb105daf02ca190c3"
package = "amkisko/public-surface-recon"
export = "skill"

[[provisioned]]
path = ".agents/skills/public-surface-recon/prayers/service-identification.md"
content_hash = "sha256:4837e7864f8e17c377599b1a6be20179e17e7ea648fd0e1ab405370640889207"
package = "amkisko/public-surface-recon"
export = "skill"

[[provisioned]]
path = ".agents/skills/public-surface-recon/public-surface-recon.md"
content_hash = "sha256:b3c5bc3e04466088e94f7e4e6fb5555ef031c696f76113ebf78000666e1f79de"
package = "amkisko/public-surface-recon"
export = "skill"

[[provisioned]]
path = ".agents/skills/public-surface-recon/templates/investigation-report.html"
content_hash = "sha256:c8515863be0fadac8967d45c643277da31ada2d4fbca97fd0a593d3a6d4dae65"
package = "amkisko/public-surface-recon"
export = "skill"

[[provisioned]]
path = ".agents/skills/rfc-process/SKILL.md"
content_hash = "sha256:5fec16ddf940168d610f3d0278fd0bdc9e2d0c9784d4c424b6718e2cf5666ede"
package = "amkisko/rfc-process"
export = "skill"

[[provisioned]]
path = ".agents/skills/rfc-process/references/template.md"
content_hash = "sha256:93f394732a6d6f508abe828de5e32aea49ab58738f312d7626bf4ff23fc97b99"
package = "amkisko/rfc-process"
export = "skill"

[[provisioned]]
path = ".agents/skills/rfc-process/rfc-process.md"
content_hash = "sha256:bce6c5bfee557049c1c3b2a5cb9f013f0d2203d5e50e687393649eec0dbd3a68"
package = "amkisko/rfc-process"
export = "skill"

[[provisioned]]
path = ".agents/skills/security-audit/SKILL.md"
content_hash = "sha256:92569e37c1549fa2be0da88985c2f26f56299473b0adb4f60edc4328f356fd1d"
package = "amkisko/security-audit"
export = "skill"

[[provisioned]]
path = ".agents/skills/security-audit/references/hunting.md"
content_hash = "sha256:20c80321e223f9d46c78b9a5b6a0dadf4c3c9d7f478b0455384b84fc4f26e2da"
package = "amkisko/security-audit"
export = "skill"

[[provisioned]]
path = ".agents/skills/security-audit/references/run-contract.md"
content_hash = "sha256:c5ceb730ba8249f9b3024b9441f1674e74beed5a58be887565f172a2579f1c44"
package = "amkisko/security-audit"
export = "skill"

[[provisioned]]
path = ".agents/skills/security-audit/references/schemas/coverage-ledger.schema.json"
content_hash = "sha256:c7d150343808bf10578a9d21f01224c9d85cb706c7c5398ef9a2aa9b32de0168"
package = "amkisko/security-audit"
export = "skill"

[[provisioned]]
path = ".agents/skills/security-audit/references/schemas/findings.schema.json"
content_hash = "sha256:e8a3336f5cc58d1d61df9fb1ade12e725c4e7686fc33a17e7a142480b8381584"
package = "amkisko/security-audit"
export = "skill"

[[provisioned]]
path = ".agents/skills/security-audit/references/schemas/run-metadata.schema.json"
content_hash = "sha256:35eeb5c8d2b372174cf29ceb4e3e3d4dd6fb7b749e2a3b3522c7d1a727fe08d1"
package = "amkisko/security-audit"
export = "skill"

[[provisioned]]
path = ".agents/skills/security-audit/references/validation-and-reporting.md"
content_hash = "sha256:eb16235232fb69e30c3441304a82ead9b54083613d82010b4af9e1fe66be96c3"
package = "amkisko/security-audit"
export = "skill"

[[provisioned]]
path = ".agents/skills/security-audit/scripts/coverage_validation.rb"
content_hash = "sha256:a08f8b510b66a20535f2b48fb02c92418dcebbf3e2b1e98f52181083ccdf3be9"
package = "amkisko/security-audit"
export = "skill"

[[provisioned]]
path = ".agents/skills/security-audit/scripts/finding_validation.rb"
content_hash = "sha256:6a14cb352d5900403329f9a1889cdfbe5518474a404a0ffccc94b56ebf68d633"
package = "amkisko/security-audit"
export = "skill"

[[provisioned]]
path = ".agents/skills/security-audit/scripts/object_shape.rb"
content_hash = "sha256:a504553e7f9a32b0f57b752d832946a128c92fcd7f83f0bdc956831e029be9ef"
package = "amkisko/security-audit"
export = "skill"

[[provisioned]]
path = ".agents/skills/security-audit/scripts/path_verifier.rb"
content_hash = "sha256:2f1e22d02942feebd2473f1c9b47624bf406340b09710d460ea8434f350480a7"
package = "amkisko/security-audit"
export = "skill"

[[provisioned]]
path = ".agents/skills/security-audit/scripts/run_validation.rb"
content_hash = "sha256:86f172d354619bbc35434ccfb330b674c532d9bae1946b598beeaadf77580d54"
package = "amkisko/security-audit"
export = "skill"

[[provisioned]]
path = ".agents/skills/security-audit/scripts/validate_run.rb"
content_hash = "sha256:2e0157153cd29e3b94c4f2754da6b1c098cc022a733acad0d000a6e185448ee0"
package = "amkisko/security-audit"
export = "skill"

[[provisioned]]
path = ".agents/skills/session-review/SKILL.md"
content_hash = "sha256:4f63d5d696310e87425ae5facbd969032f4c92966bb9e51abbab135d79dacdb6"
package = "amkisko/session-review"
export = "skill"

[[provisioned]]
path = "CODE_OF_CONDUCT.md"
content_hash = "sha256:6107f4344947fcb26add770dcdaa308cde46a71f28f27678642574522e3f57c3"
package = "amkisko/community-code-of-conduct"
export = "code-of-conduct"

[[provisioned]]
path = "CONTRIBUTING.md"
content_hash = "sha256:22fc3579135ee77ee76f1250496ecb56be08cc8e1ccb7529834301ef2bf5d9fc"
package = "amkisko/community-contributing"
export = "contributing"

[[provisioned]]
path = "GOVERNANCE.md"
content_hash = "sha256:4639dbce773214e8ae95f2c84c198075f6cf3062bd9796d3078552c9cfe59a46"
package = "amkisko/community-governance"
export = "governance"

[[provisioned]]
path = "SECURITY.md"
content_hash = "sha256:d29b005e7465ef05c99cebd424b97ea868acf855609f95f1247441c46a761659"
package = "amkisko/community-security"
export = "security"
